// !$*UTF8*$!
{
	archiveVersion = 1;
	classes = {
	};
	objectVersion = 50;
	objects = {

/* Begin PBXBuildFile section */
		F749E16A2271E87200A5766E /* UIButton+Quick.m in Sources */ = {isa = PBXBuildFile; fileRef = F749E1692271E87200A5766E /* UIButton+Quick.m */; };
		F76764462271A92800CA5FB7 /* AppDelegate.m in Sources */ = {isa = PBXBuildFile; fileRef = F76764452271A92800CA5FB7 /* AppDelegate.m */; };
		F76764492271A92800CA5FB7 /* ViewController.m in Sources */ = {isa = PBXBuildFile; fileRef = F76764482271A92800CA5FB7 /* ViewController.m */; };
		F767644C2271A92800CA5FB7 /* Main.storyboard in Resources */ = {isa = PBXBuildFile; fileRef = F767644A2271A92800CA5FB7 /* Main.storyboard */; };
		F767644E2271A92A00CA5FB7 /* Assets.xcassets in Resources */ = {isa = PBXBuildFile; fileRef = F767644D2271A92A00CA5FB7 /* Assets.xcassets */; };
		F76764512271A92A00CA5FB7 /* LaunchScreen.storyboard in Resources */ = {isa = PBXBuildFile; fileRef = F767644F2271A92A00CA5FB7 /* LaunchScreen.storyboard */; };
		F76764542271A92A00CA5FB7 /* main.m in Sources */ = {isa = PBXBuildFile; fileRef = F76764532271A92A00CA5FB7 /* main.m */; };
		F767645D2271A97500CA5FB7 /* UIView+Quick.m in Sources */ = {isa = PBXBuildFile; fileRef = F767645C2271A97500CA5FB7 /* UIView+Quick.m */; };
		F76764632271BBEC00CA5FB7 /* UILabel+Quick.m in Sources */ = {isa = PBXBuildFile; fileRef = F76764622271BBEC00CA5FB7 /* UILabel+Quick.m */; };
/* End PBXBuildFile section */

/* Begin PBXFileReference section */
		F749E1682271E87200A5766E /* UIButton+Quick.h */ = {isa = PBXFileReference; lastKnownFileType = sourcecode.c.h; path = "UIButton+Quick.h"; sourceTree = "<group>"; };
		F749E1692271E87200A5766E /* UIButton+Quick.m */ = {isa = PBXFileReference; lastKnownFileType = sourcecode.c.objc; path = "UIButton+Quick.m"; sourceTree = "<group>"; };
		F76764412271A92800CA5FB7 /* QuickUI.app */ = {isa = PBXFileReference; explicitFileType = wrapper.application; includeInIndex = 0; path = QuickUI.app; sourceTree = BUILT_PRODUCTS_DIR; };
		F76764442271A92800CA5FB7 /* AppDelegate.h */ = {isa = PBXFileReference; lastKnownFileType = sourcecode.c.h; path = AppDelegate.h; sourceTree = "<group>"; };
		F76764452271A92800CA5FB7 /* AppDelegate.m */ = {isa = PBXFileReference; lastKnownFileType = sourcecode.c.objc; path = AppDelegate.m; sourceTree = "<group>"; };
		F76764472271A92800CA5FB7 /* ViewController.h */ = {isa = PBXFileReference; lastKnownFileType = sourcecode.c.h; path = ViewController.h; sourceTree = "<group>"; };
		F76764482271A92800CA5FB7 /* ViewController.m */ = {isa = PBXFileReference; lastKnownFileType = sourcecode.c.objc; path = ViewController.m; sourceTree = "<group>"; };
		F767644B2271A92800CA5FB7 /* Base */ = {isa = PBXFileReference; lastKnownFileType = file.storyboard; name = Base; path = Base.lproj/Main.storyboard; sourceTree = "<group>"; };
		F767644D2271A92A00CA5FB7 /* Assets.xcassets */ = {isa = PBXFileReference; lastKnownFileType = folder.assetcatalog; path = Assets.xcassets; sourceTree = "<group>"; };
		F76764502271A92A00CA5FB7 /* Base */ = {isa = PBXFileReference; lastKnownFileType = file.storyboard; name = Base; path = Base.lproj/LaunchScreen.storyboard; sourceTree = "<group>"; };
		F76764522271A92A00CA5FB7 /* Info.plist */ = {isa = PBXFileReference; lastKnownFileType = text.plist.xml; path = Info.plist; sourceTree = "<group>"; };
		F76764532271A92A00CA5FB7 /* main.m */ = {isa = PBXFileReference; lastKnownFileType = sourcecode.c.objc; path = main.m; sourceTree = "<group>"; };
		F767645B2271A97500CA5FB7 /* UIView+Quick.h */ = {isa = PBXFileReference; lastKnownFileType = sourcecode.c.h; path = "UIView+Quick.h"; sourceTree = "<group>"; };
		F767645C2271A97500CA5FB7 /* UIView+Quick.m */ = {isa = PBXFileReference; lastKnownFileType = sourcecode.c.objc; path = "UIView+Quick.m"; sourceTree = "<group>"; };
		F76764612271BBEC00CA5FB7 /* UILabel+Quick.h */ = {isa = PBXFileReference; lastKnownFileType = sourcecode.c.h; path = "UILabel+Quick.h"; sourceTree = "<group>"; };
		F76764622271BBEC00CA5FB7 /* UILabel+Quick.m */ = {isa = PBXFileReference; lastKnownFileType = sourcecode.c.objc; path = "UILabel+Quick.m"; sourceTree = "<group>"; };
/* End PBXFileReference section */

/* Begin PBXFrameworksBuildPhase section */
		F767643E2271A92800CA5FB7 /* Frameworks */ = {
			isa = PBXFrameworksBuildPhase;
			buildActionMask = 2147483647;
			files = (
			);
			runOnlyForDeploymentPostprocessing = 0;
		};
/* End PBXFrameworksBuildPhase section */

/* Begin PBXGroup section */
		F76764382271A92800CA5FB7 = {
			isa = PBXGroup;
			children = (
				F767645A2271A93600CA5FB7 /* QuicklyUI */,
				F76764432271A92800CA5FB7 /* QuickUI */,
				F76764422271A92800CA5FB7 /* Products */,
			);
			sourceTree = "<group>";
		};
		F76764422271A92800CA5FB7 /* Products */ = {
			isa = PBXGroup;
			children = (
				F76764412271A92800CA5FB7 /* QuickUI.app */,
			);
			name = Products;
			sourceTree = "<group>";
		};
		F76764432271A92800CA5FB7 /* QuickUI */ = {
			isa = PBXGroup;
			children = (
				F76764442271A92800CA5FB7 /* AppDelegate.h */,
				F76764452271A92800CA5FB7 /* AppDelegate.m */,
				F76764472271A92800CA5FB7 /* ViewController.h */,
				F76764482271A92800CA5FB7 /* ViewController.m */,
				F767644A2271A92800CA5FB7 /* Main.storyboard */,
				F767644D2271A92A00CA5FB7 /* Assets.xcassets */,
				F767644F2271A92A00CA5FB7 /* LaunchScreen.storyboard */,
				F76764522271A92A00CA5FB7 /* Info.plist */,
				F76764532271A92A00CA5FB7 /* main.m */,
			);
			path = QuickUI;
			sourceTree = "<group>";
		};
		F767645A2271A93600CA5FB7 /* QuicklyUI */ = {
			isa = PBXGroup;
			children = (
				F767645B2271A97500CA5FB7 /* UIView+Quick.h */,
				F767645C2271A97500CA5FB7 /* UIView+Quick.m */,
				F76764612271BBEC00CA5FB7 /* UILabel+Quick.h */,
				F76764622271BBEC00CA5FB7 /* UILabel+Quick.m */,
				F749E1682271E87200A5766E /* UIButton+Quick.h */,
				F749E1692271E87200A5766E /* UIButton+Quick.m */,
			);
			path = QuicklyUI;
			sourceTree = "<group>";
		};
/* End PBXGroup section */

/* Begin PBXNativeTarget section */
		F76764402271A92800CA5FB7 /* QuickUI */ = {
			isa = PBXNativeTarget;
			buildConfigurationList = F76764572271A92A00CA5FB7 /* Build configuration list for PBXNativeTarget "QuickUI" */;
			buildPhases = (
				F767643D2271A92800CA5FB7 /* Sources */,
				F767643E2271A92800CA5FB7 /* Frameworks */,
				F767643F2271A92800CA5FB7 /* Resources */,
			);
			buildRules = (
			);
			dependencies = (
			);
			name = QuickUI;
			productName = QuickUI;
			productReference = F76764412271A92800CA5FB7 /* QuickUI.app */;
			productType = "com.apple.product-type.application";
		};
/* End PBXNativeTarget section */

/* Begin PBXProject section */
		F76764392271A92800CA5FB7 /* Project object */ = {
			isa = PBXProject;
			attributes = {
				LastUpgradeCheck = 1010;
				ORGANIZATIONNAME = Gioures;
				TargetAttributes = {
					F76764402271A92800CA5FB7 = {
						CreatedOnToolsVersion = 10.1;
					};
				};
			};
			buildConfigurationList = F767643C2271A92800CA5FB7 /* Build configuration list for PBXProject "QuickUI" */;
			compatibilityVersion = "Xcode 9.3";
			developmentRegion = en;
			hasScannedForEncodings = 0;
			knownRegions = (
				en,
				Base,
			);
			mainGroup = F76764382271A92800CA5FB7;
			productRefGroup = F76764422271A92800CA5FB7 /* Products */;
			projectDirPath = "";
			projectRoot = "";
			targets = (
				F76764402271A92800CA5FB7 /* QuickUI */,
			);
		};
/* End PBXProject section */

/* Begin PBXResourcesBuildPhase section */
		F767643F2271A92800CA5FB7 /* Resources */ = {
			isa = PBXResourcesBuildPhase;
			buildActionMask = 2147483647;
			files = (
				F76764512271A92A00CA5FB7 /* LaunchScreen.storyboard in Resources */,
				F767644E2271A92A00CA5FB7 /* Assets.xcassets in Resources */,
				F767644C2271A92800CA5FB7 /* Main.storyboard in Resources */,
			);
			runOnlyForDeploymentPostprocessing = 0;
		};
/* End PBXResourcesBuildPhase section */

/* Begin PBXSourcesBuildPhase section */
		F767643D2271A92800CA5FB7 /* Sources */ = {
			isa = PBXSourcesBuildPhase;
			buildActionMask = 2147483647;
			files = (
				F76764492271A92800CA5FB7 /* ViewController.m in Sources */,
				F76764542271A92A00CA5FB7 /* main.m in Sources */,
				F76764632271BBEC00CA5FB7 /* UILabel+Quick.m in Sources */,
				F767645D2271A97500CA5FB7 /* UIView+Quick.m in Sources */,
				F76764462271A92800CA5FB7 /* AppDelegate.m in Sources */,
				F749E16A2271E87200A5766E /* UIButton+Quick.m in Sources */,
			);
			runOnlyForDeploymentPostprocessing = 0;
		};
/* End PBXSourcesBuildPhase section */

/* Begin PBXVariantGroup section */
		F767644A2271A92800CA5FB7 /* Main.storyboard */ = {
			isa = PBXVariantGroup;
			children = (
				F767644B2271A92800CA5FB7 /* Base */,
			);
			name = Main.storyboard;
			sourceTree = "<group>";
		};
		F767644F2271A92A00CA5FB7 /* LaunchScreen.storyboard */ = {
			isa = PBXVariantGroup;
			children = (
				F76764502271A92A00CA5FB7 /* Base */,
			);
			name = LaunchScreen.storyboard;
			sourceTree = "<group>";
		};
/* End PBXVariantGroup section */

/* Begin XCBuildConfiguration section */
		F76764552271A92A00CA5FB7 /* Debug */ = {
			isa = XCBuildConfiguration;
			buildSettings = {
				ALWAYS_SEARCH_USER_PATHS = NO;
				CLANG_ANALYZER_NONNULL = YES;
				CLANG_ANALYZER_NUMBER_OBJECT_CONVERSION = YES_AGGRESSIVE;
				CLANG_CXX_LANGUAGE_STANDARD = "gnu++14";
				CLANG_CXX_LIBRARY = "libc++";
				CLANG_ENABLE_MODULES = YES;
				CLANG_ENABLE_OBJC_ARC = YES;
				CLANG_ENABLE_OBJC_WEAK = YES;
				CLANG_WARN_BLOCK_CAPTURE_AUTORELEASING = YES;
				CLANG_WARN_BOOL_CONVERSION = YES;
				CLANG_WARN_COMMA = YES;
				CLANG_WARN_CONSTANT_CONVERSION = YES;
				CLANG_WARN_DEPRECATED_OBJC_IMPLEMENTATIONS = YES;
				CLANG_WARN_DIRECT_OBJC_ISA_USAGE = YES_ERROR;
				CLANG_WARN_DOCUMENTATION_COMMENTS = YES;
				CLANG_WARN_EMPTY_BODY = YES;
				CLANG_WARN_ENUM_CONVERSION = YES;
				CLANG_WARN_INFINITE_RECURSION = YES;
				CLANG_WARN_INT_CONVERSION = YES;
				CLANG_WARN_NON_LITERAL_NULL_CONVERSION = YES;
				CLANG_WARN_OBJC_IMPLICIT_RETAIN_SELF = YES;
				CLANG_WARN_OBJC_LITERAL_CONVERSION = YES;
				CLANG_WARN_OBJC_ROOT_CLASS = YES_ERROR;
				CLANG_WARN_RANGE_LOOP_ANALYSIS = YES;
				CLANG_WARN_STRICT_PROTOTYPES = YES;
				CLANG_WARN_SUSPICIOUS_MOVE = YES;
				CLANG_WARN_UNGUARDED_AVAILABILITY = YES_AGGRESSIVE;
				CLANG_WARN_UNREACHABLE_CODE = YES;
				CLANG_WARN__DUPLICATE_METHOD_MATCH = YES;
				CODE_SIGN_IDENTITY = "iPhone Developer";
				COPY_PHASE_STRIP = NO;
				DEBUG_INFORMATION_FORMAT = dwarf;
				ENABLE_STRICT_OBJC_MSGSEND = YES;
				ENABLE_TESTABILITY = YES;
				GCC_C_LANGUAGE_STANDARD = gnu11;
				GCC_DYNAMIC_NO_PIC = NO;
				GCC_NO_COMMON_BLOCKS = YES;
				GCC_OPTIMIZATION_LEVEL = 0;
				GCC_PREPROCESSOR_DEFINITIONS = (
					"DEBUG=1",
					"$(inherited)",
				);
				GCC_WARN_64_TO_32_BIT_CONVERSION = YES;
				GCC_WARN_ABOUT_RETURN_TYPE = YES_ERROR;
				GCC_WARN_UNDECLARED_SELECTOR = YES;
				GCC_WARN_UNINITIALIZED_AUTOS = YES_AGGRESSIVE;
				GCC_WARN_UNUSED_FUNCTION = YES;
				GCC_WARN_UNUSED_VARIABLE = YES;
				IPHONEOS_DEPLOYMENT_TARGET = 12.1;
				MTL_ENABLE_DEBUG_INFO = INCLUDE_SOURCE;
				MTL_FAST_MATH = YES;
				ONLY_ACTIVE_ARCH = YES;
				SDKROOT = iphoneos;
			};
			name = Debug;
		};
		F76764562271A92A00CA5FB7 /* Release */ = {
			isa = XCBuildConfiguration;
			buildSettings = {
				ALWAYS_SEARCH_USER_PATHS = NO;
				CLANG_ANALYZER_NONNULL = YES;
				CLANG_ANALYZER_NUMBER_OBJECT_CONVERSION = YES_AGGRESSIVE;
				CLANG_CXX_LANGUAGE_STANDARD = "gnu++14";
				CLANG_CXX_LIBRARY = "libc++";
				CLANG_ENABLE_MODULES = YES;
				CLANG_ENABLE_OBJC_ARC = YES;
				CLANG_ENABLE_OBJC_WEAK = YES;
				CLANG_WARN_BLOCK_CAPTURE_AUTORELEASING = YES;
				CLANG_WARN_BOOL_CONVERSION = YES;
				CLANG_WARN_COMMA = YES;
				CLANG_WARN_CONSTANT_CONVERSION = YES;
				CLANG_WARN_DEPRECATED_OBJC_IMPLEMENTATIONS = YES;
				CLANG_WARN_DIRECT_OBJC_ISA_USAGE = YES_ERROR;
				CLANG_WARN_DOCUMENTATION_COMMENTS = YES;
				CLANG_WARN_EMPTY_BODY = YES;
				CLANG_WARN_ENUM_CONVERSION = YES;
				CLANG_WARN_INFINITE_RECURSION = YES;
				CLANG_WARN_INT_CONVERSION = YES;
				CLANG_WARN_NON_LITERAL_NULL_CONVERSION = YES;
				CLANG_WARN_OBJC_IMPLICIT_RETAIN_SELF = YES;
				CLANG_WARN_OBJC_LITERAL_CONVERSION = YES;
				CLANG_WARN_OBJC_ROOT_CLASS = YES_ERROR;
				CLANG_WARN_RANGE_LOOP_ANALYSIS = YES;
				CLANG_WARN_STRICT_PROTOTYPES = YES;
				CLANG_WARN_SUSPICIOUS_MOVE = YES;
				CLANG_WARN_UNGUARDED_AVAILABILITY = YES_AGGRESSIVE;
				CLANG_WARN_UNREACHABLE_CODE = YES;
				CLANG_WARN__DUPLICATE_METHOD_MATCH = YES;
				CODE_SIGN_IDENTITY = "iPhone Developer";
				COPY_PHASE_STRIP = NO;
				DEBUG_INFORMATION_FORMAT = "dwarf-with-dsym";
				ENABLE_NS_ASSERTIONS = NO;
				ENABLE_STRICT_OBJC_MSGSEND = YES;
				GCC_C_LANGUAGE_STANDARD = gnu11;
				GCC_NO_COMMON_BLOCKS = YES;
				GCC_WARN_64_TO_32_BIT_CONVERSION = YES;
				GCC_WARN_ABOUT_RETURN_TYPE = YES_ERROR;
				GCC_WARN_UNDECLARED_SELECTOR = YES;
				GCC_WARN_UNINITIALIZED_AUTOS = YES_AGGRESSIVE;
				GCC_WARN_UNUSED_FUNCTION = YES;
				GCC_WARN_UNUSED_VARIABLE = YES;
				IPHONEOS_DEPLOYMENT_TARGET = 12.1;
				MTL_ENABLE_DEBUG_INFO = NO;
				MTL_FAST_MATH = YES;
				SDKROOT = iphoneos;
				VALIDATE_PRODUCT = YES;
			};
			name = Release;
		};
		F76764582271A92A00CA5FB7 /* Debug */ = {
			isa = XCBuildConfiguration;
			buildSettings = {
				ASSETCATALOG_COMPILER_APPICON_NAME = AppIcon;
				CODE_SIGN_STYLE = Automatic;
				DEVELOPMENT_TEAM = 5X39TW69X8;
				INFOPLIST_FILE = QuickUI/Info.plist;
				LD_RUNPATH_SEARCH_PATHS = (
					"$(inherited)",
					"@executable_path/Frameworks",
				);
				PRODUCT_BUNDLE_IDENTIFIER = Gioures.QuickUI;
				PRODUCT_NAME = "$(TARGET_NAME)";
				TARGETED_DEVICE_FAMILY = "1,2";
			};
			name = Debug;
		};
		F76764592271A92A00CA5FB7 /* Release */ = {
			isa = XCBuildConfiguration;
			buildSettings = {
				ASSETCATALOG_COMPILER_APPICON_NAME = AppIcon;
				CODE_SIGN_STYLE = Automatic;
				DEVELOPMENT_TEAM = 5X39TW69X8;
				INFOPLIST_FILE = QuickUI/Info.plist;
				LD_RUNPATH_SEARCH_PATHS = (
					"$(inherited)",
					"@executable_path/Frameworks",
				);
				PRODUCT_BUNDLE_IDENTIFIER = Gioures.QuickUI;
				PRODUCT_NAME = "$(TARGET_NAME)";
				TARGETED_DEVICE_FAMILY = "1,2";
			};
			name = Release;
		};
/* End XCBuildConfiguration section */

/* Begin XCConfigurationList section */
		F767643C2271A92800CA5FB7 /* Build configuration list for PBXProject "QuickUI" */ = {
			isa = XCConfigurationList;
			buildConfigurations = (
				F76764552271A92A00CA5FB7 /* Debug */,
				F76764562271A92A00CA5FB7 /* Release */,
			);
			defaultConfigurationIsVisible = 0;
			defaultConfigurationName = Release;
		};
		F76764572271A92A00CA5FB7 /* Build configuration list for PBXNativeTarget "QuickUI" */ = {
			isa = XCConfigurationList;
			buildConfigurations = (
				F76764582271A92A00CA5FB7 /* Debug */,
				F76764592271A92A00CA5FB7 /* Release */,
			);
			defaultConfigurationIsVisible = 0;
			defaultConfigurationName = Release;
		};
/* End XCConfigurationList section */
	};
	rootObject = F76764392271A92800CA5FB7 /* Project object */;
}
