// !$*UTF8*$!
{
	archiveVersion = 1;
	classes = {
	};
	objectVersion = 50;
	objects = {

/* Begin PBXBuildFile section */
		028684BA40FD20CF412FD716 /* Pods_QuickUIDemo.framework in Frameworks */ = {isa = PBXBuildFile; fileRef = 45DC96DA86AE55B1BFA7A1AB /* Pods_QuickUIDemo.framework */; };
		6EC0490222749A4900CBD4C1 /* AppDelegate.m in Sources */ = {isa = PBXBuildFile; fileRef = 6EC0490122749A4900CBD4C1 /* AppDelegate.m */; };
		6EC0490522749A4900CBD4C1 /* ViewController.m in Sources */ = {isa = PBXBuildFile; fileRef = 6EC0490422749A4900CBD4C1 /* ViewController.m */; };
		6EC0490822749A4900CBD4C1 /* Main.storyboard in Resources */ = {isa = PBXBuildFile; fileRef = 6EC0490622749A4900CBD4C1 /* Main.storyboard */; };
		6EC0490A22749A4B00CBD4C1 /* Assets.xcassets in Resources */ = {isa = PBXBuildFile; fileRef = 6EC0490922749A4B00CBD4C1 /* Assets.xcassets */; };
		6EC0490D22749A4B00CBD4C1 /* LaunchScreen.storyboard in Resources */ = {isa = PBXBuildFile; fileRef = 6EC0490B22749A4B00CBD4C1 /* LaunchScreen.storyboard */; };
		6EC0491022749A4B00CBD4C1 /* main.m in Sources */ = {isa = PBXBuildFile; fileRef = 6EC0490F22749A4B00CBD4C1 /* main.m */; };
		6EC0492222749A5C00CBD4C1 /* UILabel+Quick.m in Sources */ = {isa = PBXBuildFile; fileRef = 6EC0491722749A5C00CBD4C1 /* UILabel+Quick.m */; };
		6EC0492322749A5C00CBD4C1 /* UIView+Quick.m in Sources */ = {isa = PBXBuildFile; fileRef = 6EC0491A22749A5C00CBD4C1 /* UIView+Quick.m */; };
		6EC0492422749A5C00CBD4C1 /* UITableView+Quick.m in Sources */ = {isa = PBXBuildFile; fileRef = 6EC0491B22749A5C00CBD4C1 /* UITableView+Quick.m */; };
		6EC0492522749A5C00CBD4C1 /* UIImageView+Quick.m in Sources */ = {isa = PBXBuildFile; fileRef = 6EC0491C22749A5C00CBD4C1 /* UIImageView+Quick.m */; };
		6EC0492622749A5C00CBD4C1 /* UIButton+Quick.m in Sources */ = {isa = PBXBuildFile; fileRef = 6EC0491E22749A5C00CBD4C1 /* UIButton+Quick.m */; };
		6EC0493622749EE400CBD4C1 /* UICollectionView+Quick.m in Sources */ = {isa = PBXBuildFile; fileRef = 6EC0493522749EE400CBD4C1 /* UICollectionView+Quick.m */; };
		6EC0493C2274B0E500CBD4C1 /* AViewController.m in Sources */ = {isa = PBXBuildFile; fileRef = 6EC0493B2274B0E500CBD4C1 /* AViewController.m */; };
		6EC0493D2274B3CD00CBD4C1 /* UIView+Masonry.m in Sources */ = {isa = PBXBuildFile; fileRef = 6EC049382274AD5500CBD4C1 /* UIView+Masonry.m */; };
		6EF94BF222760E29007FD735 /* ZCollectionViewCell.m in Sources */ = {isa = PBXBuildFile; fileRef = 6EF94BF022760E29007FD735 /* ZCollectionViewCell.m */; };
		6EF94BF322760E29007FD735 /* ZCollectionViewCell.xib in Resources */ = {isa = PBXBuildFile; fileRef = 6EF94BF122760E29007FD735 /* ZCollectionViewCell.xib */; };
/* End PBXBuildFile section */

/* Begin PBXFileReference section */
		45DC96DA86AE55B1BFA7A1AB /* Pods_QuickUIDemo.framework */ = {isa = PBXFileReference; explicitFileType = wrapper.framework; includeInIndex = 0; path = Pods_QuickUIDemo.framework; sourceTree = BUILT_PRODUCTS_DIR; };
		4CD3061D190EB125B176EE14 /* Pods-QuickUIDemo.debug.xcconfig */ = {isa = PBXFileReference; includeInIndex = 1; lastKnownFileType = text.xcconfig; name = "Pods-QuickUIDemo.debug.xcconfig"; path = "Pods/Target Support Files/Pods-QuickUIDemo/Pods-QuickUIDemo.debug.xcconfig"; sourceTree = "<group>"; };
		6EC048FD22749A4900CBD4C1 /* QuickUIDemo.app */ = {isa = PBXFileReference; explicitFileType = wrapper.application; includeInIndex = 0; path = QuickUIDemo.app; sourceTree = BUILT_PRODUCTS_DIR; };
		6EC0490022749A4900CBD4C1 /* AppDelegate.h */ = {isa = PBXFileReference; lastKnownFileType = sourcecode.c.h; path = AppDelegate.h; sourceTree = "<group>"; };
		6EC0490122749A4900CBD4C1 /* AppDelegate.m */ = {isa = PBXFileReference; lastKnownFileType = sourcecode.c.objc; path = AppDelegate.m; sourceTree = "<group>"; };
		6EC0490322749A4900CBD4C1 /* ViewController.h */ = {isa = PBXFileReference; lastKnownFileType = sourcecode.c.h; path = ViewController.h; sourceTree = "<group>"; };
		6EC0490422749A4900CBD4C1 /* ViewController.m */ = {isa = PBXFileReference; lastKnownFileType = sourcecode.c.objc; path = ViewController.m; sourceTree = "<group>"; };
		6EC0490722749A4900CBD4C1 /* Base */ = {isa = PBXFileReference; lastKnownFileType = file.storyboard; name = Base; path = Base.lproj/Main.storyboard; sourceTree = "<group>"; };
		6EC0490922749A4B00CBD4C1 /* Assets.xcassets */ = {isa = PBXFileReference; lastKnownFileType = folder.assetcatalog; path = Assets.xcassets; sourceTree = "<group>"; };
		6EC0490C22749A4B00CBD4C1 /* Base */ = {isa = PBXFileReference; lastKnownFileType = file.storyboard; name = Base; path = Base.lproj/LaunchScreen.storyboard; sourceTree = "<group>"; };
		6EC0490E22749A4B00CBD4C1 /* Info.plist */ = {isa = PBXFileReference; lastKnownFileType = text.plist.xml; path = Info.plist; sourceTree = "<group>"; };
		6EC0490F22749A4B00CBD4C1 /* main.m */ = {isa = PBXFileReference; lastKnownFileType = sourcecode.c.objc; path = main.m; sourceTree = "<group>"; };
		6EC0491722749A5C00CBD4C1 /* UILabel+Quick.m */ = {isa = PBXFileReference; fileEncoding = 4; lastKnownFileType = sourcecode.c.objc; path = "UILabel+Quick.m"; sourceTree = "<group>"; };
		6EC0491822749A5C00CBD4C1 /* UIButton+Quick.h */ = {isa = PBXFileReference; fileEncoding = 4; lastKnownFileType = sourcecode.c.h; path = "UIButton+Quick.h"; sourceTree = "<group>"; };
		6EC0491922749A5C00CBD4C1 /* Quick.h */ = {isa = PBXFileReference; fileEncoding = 4; lastKnownFileType = sourcecode.c.h; path = Quick.h; sourceTree = "<group>"; };
		6EC0491A22749A5C00CBD4C1 /* UIView+Quick.m */ = {isa = PBXFileReference; fileEncoding = 4; lastKnownFileType = sourcecode.c.objc; path = "UIView+Quick.m"; sourceTree = "<group>"; };
		6EC0491B22749A5C00CBD4C1 /* UITableView+Quick.m */ = {isa = PBXFileReference; fileEncoding = 4; lastKnownFileType = sourcecode.c.objc; path = "UITableView+Quick.m"; sourceTree = "<group>"; };
		6EC0491C22749A5C00CBD4C1 /* UIImageView+Quick.m */ = {isa = PBXFileReference; fileEncoding = 4; lastKnownFileType = sourcecode.c.objc; path = "UIImageView+Quick.m"; sourceTree = "<group>"; };
		6EC0491D22749A5C00CBD4C1 /* UILabel+Quick.h */ = {isa = PBXFileReference; fileEncoding = 4; lastKnownFileType = sourcecode.c.h; path = "UILabel+Quick.h"; sourceTree = "<group>"; };
		6EC0491E22749A5C00CBD4C1 /* UIButton+Quick.m */ = {isa = PBXFileReference; fileEncoding = 4; lastKnownFileType = sourcecode.c.objc; path = "UIButton+Quick.m"; sourceTree = "<group>"; };
		6EC0491F22749A5C00CBD4C1 /* UIView+Quick.h */ = {isa = PBXFileReference; fileEncoding = 4; lastKnownFileType = sourcecode.c.h; path = "UIView+Quick.h"; sourceTree = "<group>"; };
		6EC0492022749A5C00CBD4C1 /* UIImageView+Quick.h */ = {isa = PBXFileReference; fileEncoding = 4; lastKnownFileType = sourcecode.c.h; path = "UIImageView+Quick.h"; sourceTree = "<group>"; };
		6EC0492122749A5C00CBD4C1 /* UITableView+Quick.h */ = {isa = PBXFileReference; fileEncoding = 4; lastKnownFileType = sourcecode.c.h; path = "UITableView+Quick.h"; sourceTree = "<group>"; };
		6EC0493422749EE400CBD4C1 /* UICollectionView+Quick.h */ = {isa = PBXFileReference; lastKnownFileType = sourcecode.c.h; path = "UICollectionView+Quick.h"; sourceTree = "<group>"; };
		6EC0493522749EE400CBD4C1 /* UICollectionView+Quick.m */ = {isa = PBXFileReference; lastKnownFileType = sourcecode.c.objc; path = "UICollectionView+Quick.m"; sourceTree = "<group>"; };
		6EC049372274AD5500CBD4C1 /* UIView+Masonry.h */ = {isa = PBXFileReference; lastKnownFileType = sourcecode.c.h; path = "UIView+Masonry.h"; sourceTree = "<group>"; };
		6EC049382274AD5500CBD4C1 /* UIView+Masonry.m */ = {isa = PBXFileReference; lastKnownFileType = sourcecode.c.objc; path = "UIView+Masonry.m"; sourceTree = "<group>"; };
		6EC0493A2274B0E500CBD4C1 /* AViewController.h */ = {isa = PBXFileReference; lastKnownFileType = sourcecode.c.h; path = AViewController.h; sourceTree = "<group>"; };
		6EC0493B2274B0E500CBD4C1 /* AViewController.m */ = {isa = PBXFileReference; lastKnownFileType = sourcecode.c.objc; path = AViewController.m; sourceTree = "<group>"; };
		6EF94BEF22760E29007FD735 /* ZCollectionViewCell.h */ = {isa = PBXFileReference; lastKnownFileType = sourcecode.c.h; path = ZCollectionViewCell.h; sourceTree = "<group>"; };
		6EF94BF022760E29007FD735 /* ZCollectionViewCell.m */ = {isa = PBXFileReference; lastKnownFileType = sourcecode.c.objc; path = ZCollectionViewCell.m; sourceTree = "<group>"; };
		6EF94BF122760E29007FD735 /* ZCollectionViewCell.xib */ = {isa = PBXFileReference; lastKnownFileType = file.xib; path = ZCollectionViewCell.xib; sourceTree = "<group>"; };
		F51719B78127AC06C7A2DEB2 /* Pods-QuickUIDemo.release.xcconfig */ = {isa = PBXFileReference; includeInIndex = 1; lastKnownFileType = text.xcconfig; name = "Pods-QuickUIDemo.release.xcconfig"; path = "Pods/Target Support Files/Pods-QuickUIDemo/Pods-QuickUIDemo.release.xcconfig"; sourceTree = "<group>"; };
/* End PBXFileReference section */

/* Begin PBXFrameworksBuildPhase section */
		6EC048FA22749A4900CBD4C1 /* Frameworks */ = {
			isa = PBXFrameworksBuildPhase;
			buildActionMask = 2147483647;
			files = (
				028684BA40FD20CF412FD716 /* Pods_QuickUIDemo.framework in Frameworks */,
			);
			runOnlyForDeploymentPostprocessing = 0;
		};
/* End PBXFrameworksBuildPhase section */

/* Begin PBXGroup section */
		0C5BD598FED9CF739BA081B4 /* Pods */ = {
			isa = PBXGroup;
			children = (
				4CD3061D190EB125B176EE14 /* Pods-QuickUIDemo.debug.xcconfig */,
				F51719B78127AC06C7A2DEB2 /* Pods-QuickUIDemo.release.xcconfig */,
			);
			name = Pods;
			sourceTree = "<group>";
		};
		61CBEE991895EFEDA0DAFE18 /* Frameworks */ = {
			isa = PBXGroup;
			children = (
				45DC96DA86AE55B1BFA7A1AB /* Pods_QuickUIDemo.framework */,
			);
			name = Frameworks;
			sourceTree = "<group>";
		};
		6EC048F422749A4900CBD4C1 = {
			isa = PBXGroup;
			children = (
				6EC0491622749A5C00CBD4C1 /* QuicklyUI */,
				6EC048FF22749A4900CBD4C1 /* QuickUIDemo */,
				6EC048FE22749A4900CBD4C1 /* Products */,
				0C5BD598FED9CF739BA081B4 /* Pods */,
				61CBEE991895EFEDA0DAFE18 /* Frameworks */,
			);
			sourceTree = "<group>";
		};
		6EC048FE22749A4900CBD4C1 /* Products */ = {
			isa = PBXGroup;
			children = (
				6EC048FD22749A4900CBD4C1 /* QuickUIDemo.app */,
			);
			name = Products;
			sourceTree = "<group>";
		};
		6EC048FF22749A4900CBD4C1 /* QuickUIDemo */ = {
			isa = PBXGroup;
			children = (
				6EC0490022749A4900CBD4C1 /* AppDelegate.h */,
				6EC0490122749A4900CBD4C1 /* AppDelegate.m */,
				6EC0490322749A4900CBD4C1 /* ViewController.h */,
				6EC0490422749A4900CBD4C1 /* ViewController.m */,
				6EC0493A2274B0E500CBD4C1 /* AViewController.h */,
				6EC0493B2274B0E500CBD4C1 /* AViewController.m */,
				6EC0490622749A4900CBD4C1 /* Main.storyboard */,
				6EC0490922749A4B00CBD4C1 /* Assets.xcassets */,
				6EC0490B22749A4B00CBD4C1 /* LaunchScreen.storyboard */,
				6EC0490E22749A4B00CBD4C1 /* Info.plist */,
				6EC0490F22749A4B00CBD4C1 /* main.m */,
				6EF94BEF22760E29007FD735 /* ZCollectionViewCell.h */,
				6EF94BF022760E29007FD735 /* ZCollectionViewCell.m */,
				6EF94BF122760E29007FD735 /* ZCollectionViewCell.xib */,
			);
			path = QuickUIDemo;
			sourceTree = "<group>";
		};
		6EC0491622749A5C00CBD4C1 /* QuicklyUI */ = {
			isa = PBXGroup;
			children = (
				6EC0491922749A5C00CBD4C1 /* Quick.h */,
				6EC0491F22749A5C00CBD4C1 /* UIView+Quick.h */,
				6EC0491A22749A5C00CBD4C1 /* UIView+Quick.m */,
				6EC0491822749A5C00CBD4C1 /* UIButton+Quick.h */,
				6EC0491E22749A5C00CBD4C1 /* UIButton+Quick.m */,
				6EC0492022749A5C00CBD4C1 /* UIImageView+Quick.h */,
				6EC0491C22749A5C00CBD4C1 /* UIImageView+Quick.m */,
				6EC0491D22749A5C00CBD4C1 /* UILabel+Quick.h */,
				6EC0491722749A5C00CBD4C1 /* UILabel+Quick.m */,
				6EC0492122749A5C00CBD4C1 /* UITableView+Quick.h */,
				6EC0491B22749A5C00CBD4C1 /* UITableView+Quick.m */,
				6EC0493422749EE400CBD4C1 /* UICollectionView+Quick.h */,
				6EC0493522749EE400CBD4C1 /* UICollectionView+Quick.m */,
				6EC049372274AD5500CBD4C1 /* UIView+Masonry.h */,
				6EC049382274AD5500CBD4C1 /* UIView+Masonry.m */,
			);
			path = QuicklyUI;
			sourceTree = "<group>";
		};
/* End PBXGroup section */

/* Begin PBXNativeTarget section */
		6EC048FC22749A4900CBD4C1 /* QuickUIDemo */ = {
			isa = PBXNativeTarget;
			buildConfigurationList = 6EC0491322749A4B00CBD4C1 /* Build configuration list for PBXNativeTarget "QuickUIDemo" */;
			buildPhases = (
				89201CDD076DAD2FFF63E77C /* [CP] Check Pods Manifest.lock */,
				6EC048F922749A4900CBD4C1 /* Sources */,
				6EC048FA22749A4900CBD4C1 /* Frameworks */,
				6EC048FB22749A4900CBD4C1 /* Resources */,
				88F2F1BF76A5B993D25A84FA /* [CP] Embed Pods Frameworks */,
			);
			buildRules = (
			);
			dependencies = (
			);
			name = QuickUIDemo;
			productName = QuickUIDemo;
			productReference = 6EC048FD22749A4900CBD4C1 /* QuickUIDemo.app */;
			productType = "com.apple.product-type.application";
		};
/* End PBXNativeTarget section */

/* Begin PBXProject section */
		6EC048F522749A4900CBD4C1 /* Project object */ = {
			isa = PBXProject;
			attributes = {
				LastUpgradeCheck = 1010;
				ORGANIZATIONNAME = "段庆烨";
				TargetAttributes = {
					6EC048FC22749A4900CBD4C1 = {
						CreatedOnToolsVersion = 10.1;
					};
				};
			};
			buildConfigurationList = 6EC048F822749A4900CBD4C1 /* Build configuration list for PBXProject "QuickUIDemo" */;
			compatibilityVersion = "Xcode 9.3";
			developmentRegion = en;
			hasScannedForEncodings = 0;
			knownRegions = (
				en,
				Base,
			);
			mainGroup = 6EC048F422749A4900CBD4C1;
			productRefGroup = 6EC048FE22749A4900CBD4C1 /* Products */;
			projectDirPath = "";
			projectRoot = "";
			targets = (
				6EC048FC22749A4900CBD4C1 /* QuickUIDemo */,
			);
		};
/* End PBXProject section */

/* Begin PBXResourcesBuildPhase section */
		6EC048FB22749A4900CBD4C1 /* Resources */ = {
			isa = PBXResourcesBuildPhase;
			buildActionMask = 2147483647;
			files = (
				6EC0490D22749A4B00CBD4C1 /* LaunchScreen.storyboard in Resources */,
				6EF94BF322760E29007FD735 /* ZCollectionViewCell.xib in Resources */,
				6EC0490A22749A4B00CBD4C1 /* Assets.xcassets in Resources */,
				6EC0490822749A4900CBD4C1 /* Main.storyboard in Resources */,
			);
			runOnlyForDeploymentPostprocessing = 0;
		};
/* End PBXResourcesBuildPhase section */

/* Begin PBXShellScriptBuildPhase section */
		88F2F1BF76A5B993D25A84FA /* [CP] Embed Pods Frameworks */ = {
			isa = PBXShellScriptBuildPhase;
			buildActionMask = 2147483647;
			files = (
			);
			inputPaths = (
				"${PODS_ROOT}/Target Support Files/Pods-QuickUIDemo/Pods-QuickUIDemo-frameworks.sh",
				"${BUILT_PRODUCTS_DIR}/FBRetainCycleDetector/FBRetainCycleDetector.framework",
				"${BUILT_PRODUCTS_DIR}/MLeaksFinder/MLeaksFinder.framework",
				"${BUILT_PRODUCTS_DIR}/Masonry/Masonry.framework",
			);
			name = "[CP] Embed Pods Frameworks";
			outputPaths = (
				"${TARGET_BUILD_DIR}/${FRAMEWORKS_FOLDER_PATH}/FBRetainCycleDetector.framework",
				"${TARGET_BUILD_DIR}/${FRAMEWORKS_FOLDER_PATH}/MLeaksFinder.framework",
				"${TARGET_BUILD_DIR}/${FRAMEWORKS_FOLDER_PATH}/Masonry.framework",
			);
			runOnlyForDeploymentPostprocessing = 0;
			shellPath = /bin/sh;
			shellScript = "\"${PODS_ROOT}/Target Support Files/Pods-QuickUIDemo/Pods-QuickUIDemo-frameworks.sh\"\n";
			showEnvVarsInLog = 0;
		};
		89201CDD076DAD2FFF63E77C /* [CP] Check Pods Manifest.lock */ = {
			isa = PBXShellScriptBuildPhase;
			buildActionMask = 2147483647;
			files = (
			);
			inputPaths = (
				"${PODS_PODFILE_DIR_PATH}/Podfile.lock",
				"${PODS_ROOT}/Manifest.lock",
			);
			name = "[CP] Check Pods Manifest.lock";
			outputPaths = (
				"$(DERIVED_FILE_DIR)/Pods-QuickUIDemo-checkManifestLockResult.txt",
			);
			runOnlyForDeploymentPostprocessing = 0;
			shellPath = /bin/sh;
			shellScript = "diff \"${PODS_PODFILE_DIR_PATH}/Podfile.lock\" \"${PODS_ROOT}/Manifest.lock\" > /dev/null\nif [ $? != 0 ] ; then\n    # print error to STDERR\n    echo \"error: The sandbox is not in sync with the Podfile.lock. Run 'pod install' or update your CocoaPods installation.\" >&2\n    exit 1\nfi\n# This output is used by Xcode 'outputs' to avoid re-running this script phase.\necho \"SUCCESS\" > \"${SCRIPT_OUTPUT_FILE_0}\"\n";
			showEnvVarsInLog = 0;
		};
/* End PBXShellScriptBuildPhase section */

/* Begin PBXSourcesBuildPhase section */
		6EC048F922749A4900CBD4C1 /* Sources */ = {
			isa = PBXSourcesBuildPhase;
			buildActionMask = 2147483647;
			files = (
				6EC0492222749A5C00CBD4C1 /* UILabel+Quick.m in Sources */,
				6EF94BF222760E29007FD735 /* ZCollectionViewCell.m in Sources */,
				6EC0490522749A4900CBD4C1 /* ViewController.m in Sources */,
				6EC0493C2274B0E500CBD4C1 /* AViewController.m in Sources */,
				6EC0491022749A4B00CBD4C1 /* main.m in Sources */,
				6EC0493622749EE400CBD4C1 /* UICollectionView+Quick.m in Sources */,
				6EC0492422749A5C00CBD4C1 /* UITableView+Quick.m in Sources */,
				6EC0492322749A5C00CBD4C1 /* UIView+Quick.m in Sources */,
				6EC0492622749A5C00CBD4C1 /* UIButton+Quick.m in Sources */,
				6EC0493D2274B3CD00CBD4C1 /* UIView+Masonry.m in Sources */,
				6EC0492522749A5C00CBD4C1 /* UIImageView+Quick.m in Sources */,
				6EC0490222749A4900CBD4C1 /* AppDelegate.m in Sources */,
			);
			runOnlyForDeploymentPostprocessing = 0;
		};
/* End PBXSourcesBuildPhase section */

/* Begin PBXVariantGroup section */
		6EC0490622749A4900CBD4C1 /* Main.storyboard */ = {
			isa = PBXVariantGroup;
			children = (
				6EC0490722749A4900CBD4C1 /* Base */,
			);
			name = Main.storyboard;
			sourceTree = "<group>";
		};
		6EC0490B22749A4B00CBD4C1 /* LaunchScreen.storyboard */ = {
			isa = PBXVariantGroup;
			children = (
				6EC0490C22749A4B00CBD4C1 /* Base */,
			);
			name = LaunchScreen.storyboard;
			sourceTree = "<group>";
		};
/* End PBXVariantGroup section */

/* Begin XCBuildConfiguration section */
		6EC0491122749A4B00CBD4C1 /* Debug */ = {
			isa = XCBuildConfiguration;
			buildSettings = {
				ALWAYS_SEARCH_USER_PATHS = NO;
				CLANG_ANALYZER_NONNULL = YES;
				CLANG_ANALYZER_NUMBER_OBJECT_CONVERSION = YES_AGGRESSIVE;
				CLANG_CXX_LANGUAGE_STANDARD = "gnu++14";
				CLANG_CXX_LIBRARY = "libc++";
				CLANG_ENABLE_MODULES = YES;
				CLANG_ENABLE_OBJC_ARC = YES;
				CLANG_ENABLE_OBJC_WEAK = YES;
				CLANG_WARN_BLOCK_CAPTURE_AUTORELEASING = YES;
				CLANG_WARN_BOOL_CONVERSION = YES;
				CLANG_WARN_COMMA = YES;
				CLANG_WARN_CONSTANT_CONVERSION = YES;
				CLANG_WARN_DEPRECATED_OBJC_IMPLEMENTATIONS = YES;
				CLANG_WARN_DIRECT_OBJC_ISA_USAGE = YES_ERROR;
				CLANG_WARN_DOCUMENTATION_COMMENTS = YES;
				CLANG_WARN_EMPTY_BODY = YES;
				CLANG_WARN_ENUM_CONVERSION = YES;
				CLANG_WARN_INFINITE_RECURSION = YES;
				CLANG_WARN_INT_CONVERSION = YES;
				CLANG_WARN_NON_LITERAL_NULL_CONVERSION = YES;
				CLANG_WARN_OBJC_IMPLICIT_RETAIN_SELF = YES;
				CLANG_WARN_OBJC_LITERAL_CONVERSION = YES;
				CLANG_WARN_OBJC_ROOT_CLASS = YES_ERROR;
				CLANG_WARN_RANGE_LOOP_ANALYSIS = YES;
				CLANG_WARN_STRICT_PROTOTYPES = YES;
				CLANG_WARN_SUSPICIOUS_MOVE = YES;
				CLANG_WARN_UNGUARDED_AVAILABILITY = YES_AGGRESSIVE;
				CLANG_WARN_UNREACHABLE_CODE = YES;
				CLANG_WARN__DUPLICATE_METHOD_MATCH = YES;
				CODE_SIGN_IDENTITY = "iPhone Developer";
				COPY_PHASE_STRIP = NO;
				DEBUG_INFORMATION_FORMAT = dwarf;
				ENABLE_STRICT_OBJC_MSGSEND = YES;
				ENABLE_TESTABILITY = YES;
				GCC_C_LANGUAGE_STANDARD = gnu11;
				GCC_DYNAMIC_NO_PIC = NO;
				GCC_NO_COMMON_BLOCKS = YES;
				GCC_OPTIMIZATION_LEVEL = 0;
				GCC_PREPROCESSOR_DEFINITIONS = (
					"DEBUG=1",
					"$(inherited)",
				);
				GCC_WARN_64_TO_32_BIT_CONVERSION = YES;
				GCC_WARN_ABOUT_RETURN_TYPE = YES_ERROR;
				GCC_WARN_UNDECLARED_SELECTOR = YES;
				GCC_WARN_UNINITIALIZED_AUTOS = YES_AGGRESSIVE;
				GCC_WARN_UNUSED_FUNCTION = YES;
				GCC_WARN_UNUSED_VARIABLE = YES;
				IPHONEOS_DEPLOYMENT_TARGET = 12.1;
				MTL_ENABLE_DEBUG_INFO = INCLUDE_SOURCE;
				MTL_FAST_MATH = YES;
				ONLY_ACTIVE_ARCH = YES;
				SDKROOT = iphoneos;
			};
			name = Debug;
		};
		6EC0491222749A4B00CBD4C1 /* Release */ = {
			isa = XCBuildConfiguration;
			buildSettings = {
				ALWAYS_SEARCH_USER_PATHS = NO;
				CLANG_ANALYZER_NONNULL = YES;
				CLANG_ANALYZER_NUMBER_OBJECT_CONVERSION = YES_AGGRESSIVE;
				CLANG_CXX_LANGUAGE_STANDARD = "gnu++14";
				CLANG_CXX_LIBRARY = "libc++";
				CLANG_ENABLE_MODULES = YES;
				CLANG_ENABLE_OBJC_ARC = YES;
				CLANG_ENABLE_OBJC_WEAK = YES;
				CLANG_WARN_BLOCK_CAPTURE_AUTORELEASING = YES;
				CLANG_WARN_BOOL_CONVERSION = YES;
				CLANG_WARN_COMMA = YES;
				CLANG_WARN_CONSTANT_CONVERSION = YES;
				CLANG_WARN_DEPRECATED_OBJC_IMPLEMENTATIONS = YES;
				CLANG_WARN_DIRECT_OBJC_ISA_USAGE = YES_ERROR;
				CLANG_WARN_DOCUMENTATION_COMMENTS = YES;
				CLANG_WARN_EMPTY_BODY = YES;
				CLANG_WARN_ENUM_CONVERSION = YES;
				CLANG_WARN_INFINITE_RECURSION = YES;
				CLANG_WARN_INT_CONVERSION = YES;
				CLANG_WARN_NON_LITERAL_NULL_CONVERSION = YES;
				CLANG_WARN_OBJC_IMPLICIT_RETAIN_SELF = YES;
				CLANG_WARN_OBJC_LITERAL_CONVERSION = YES;
				CLANG_WARN_OBJC_ROOT_CLASS = YES_ERROR;
				CLANG_WARN_RANGE_LOOP_ANALYSIS = YES;
				CLANG_WARN_STRICT_PROTOTYPES = YES;
				CLANG_WARN_SUSPICIOUS_MOVE = YES;
				CLANG_WARN_UNGUARDED_AVAILABILITY = YES_AGGRESSIVE;
				CLANG_WARN_UNREACHABLE_CODE = YES;
				CLANG_WARN__DUPLICATE_METHOD_MATCH = YES;
				CODE_SIGN_IDENTITY = "iPhone Developer";
				COPY_PHASE_STRIP = NO;
				DEBUG_INFORMATION_FORMAT = "dwarf-with-dsym";
				ENABLE_NS_ASSERTIONS = NO;
				ENABLE_STRICT_OBJC_MSGSEND = YES;
				GCC_C_LANGUAGE_STANDARD = gnu11;
				GCC_NO_COMMON_BLOCKS = YES;
				GCC_WARN_64_TO_32_BIT_CONVERSION = YES;
				GCC_WARN_ABOUT_RETURN_TYPE = YES_ERROR;
				GCC_WARN_UNDECLARED_SELECTOR = YES;
				GCC_WARN_UNINITIALIZED_AUTOS = YES_AGGRESSIVE;
				GCC_WARN_UNUSED_FUNCTION = YES;
				GCC_WARN_UNUSED_VARIABLE = YES;
				IPHONEOS_DEPLOYMENT_TARGET = 12.1;
				MTL_ENABLE_DEBUG_INFO = NO;
				MTL_FAST_MATH = YES;
				SDKROOT = iphoneos;
				VALIDATE_PRODUCT = YES;
			};
			name = Release;
		};
		6EC0491422749A4B00CBD4C1 /* Debug */ = {
			isa = XCBuildConfiguration;
			baseConfigurationReference = 4CD3061D190EB125B176EE14 /* Pods-QuickUIDemo.debug.xcconfig */;
			buildSettings = {
				ASSETCATALOG_COMPILER_APPICON_NAME = AppIcon;
				CODE_SIGN_STYLE = Automatic;
				DEVELOPMENT_TEAM = 4S82D22W4J;
				INFOPLIST_FILE = QuickUIDemo/Info.plist;
				LD_RUNPATH_SEARCH_PATHS = (
					"$(inherited)",
					"@executable_path/Frameworks",
				);
				PRODUCT_BUNDLE_IDENTIFIER = duanqingye.QuickUIDemo;
				PRODUCT_NAME = "$(TARGET_NAME)";
				TARGETED_DEVICE_FAMILY = "1,2";
			};
			name = Debug;
		};
		6EC0491522749A4B00CBD4C1 /* Release */ = {
			isa = XCBuildConfiguration;
			baseConfigurationReference = F51719B78127AC06C7A2DEB2 /* Pods-QuickUIDemo.release.xcconfig */;
			buildSettings = {
				ASSETCATALOG_COMPILER_APPICON_NAME = AppIcon;
				CODE_SIGN_STYLE = Automatic;
				DEVELOPMENT_TEAM = 4S82D22W4J;
				INFOPLIST_FILE = QuickUIDemo/Info.plist;
				LD_RUNPATH_SEARCH_PATHS = (
					"$(inherited)",
					"@executable_path/Frameworks",
				);
				PRODUCT_BUNDLE_IDENTIFIER = duanqingye.QuickUIDemo;
				PRODUCT_NAME = "$(TARGET_NAME)";
				TARGETED_DEVICE_FAMILY = "1,2";
			};
			name = Release;
		};
/* End XCBuildConfiguration section */

/* Begin XCConfigurationList section */
		6EC048F822749A4900CBD4C1 /* Build configuration list for PBXProject "QuickUIDemo" */ = {
			isa = XCConfigurationList;
			buildConfigurations = (
				6EC0491122749A4B00CBD4C1 /* Debug */,
				6EC0491222749A4B00CBD4C1 /* Release */,
			);
			defaultConfigurationIsVisible = 0;
			defaultConfigurationName = Release;
		};
		6EC0491322749A4B00CBD4C1 /* Build configuration list for PBXNativeTarget "QuickUIDemo" */ = {
			isa = XCConfigurationList;
			buildConfigurations = (
				6EC0491422749A4B00CBD4C1 /* Debug */,
				6EC0491522749A4B00CBD4C1 /* Release */,
			);
			defaultConfigurationIsVisible = 0;
			defaultConfigurationName = Release;
		};
/* End XCConfigurationList section */
	};
	rootObject = 6EC048F522749A4900CBD4C1 /* Project object */;
}
